// !$*UTF8*$!
{
	archiveVersion = 1;
	classes = {
	};
	objectVersion = 56;
	objects = {

/* Begin PBXBuildFile section */
		41D521CF2B6C912A0087675F /* production_interviewApp.swift in Sources */ = {isa = PBXBuildFile; fileRef = 41D521CE2B6C912A0087675F /* production_interviewApp.swift */; };
		41D521D12B6C912A0087675F /* ContentView.swift in Sources */ = {isa = PBXBuildFile; fileRef = 41D521D02B6C912A0087675F /* ContentView.swift */; };
		41D521D32B6C912E0087675F /* Assets.xcassets in Resources */ = {isa = PBXBuildFile; fileRef = 41D521D22B6C912E0087675F /* Assets.xcassets */; };
		41D521D62B6C912E0087675F /* Preview Assets.xcassets in Resources */ = {isa = PBXBuildFile; fileRef = 41D521D52B6C912E0087675F /* Preview Assets.xcassets */; };
		41D521DD2B6C98060087675F /* ItemView.swift in Sources */ = {isa = PBXBuildFile; fileRef = 41D521DC2B6C98060087675F /* ItemView.swift */; };
		41D521DF2B6CA37F0087675F /* SearchViewModel.swift in Sources */ = {isa = PBXBuildFile; fileRef = 41D521DE2B6CA37F0087675F /* SearchViewModel.swift */; };
		41D521E12B6CA38F0087675F /* SearchService.swift in Sources */ = {isa = PBXBuildFile; fileRef = 41D521E02B6CA38F0087675F /* SearchService.swift */; };
		41D521E52B6CA7F00087675F /* WalmartResponse.swift in Sources */ = {isa = PBXBuildFile; fileRef = 41D521E42B6CA7F00087675F /* WalmartResponse.swift */; };
		41D521E72B6D434F0087675F /* ProductListing.swift in Sources */ = {isa = PBXBuildFile; fileRef = 41D521E62B6D434F0087675F /* ProductListing.swift */; };
/* End PBXBuildFile section */

/* Begin PBXFileReference section */
		41D521CB2B6C912A0087675F /* production interview.app */ = {isa = PBXFileReference; explicitFileType = wrapper.application; includeInIndex = 0; path = "production interview.app"; sourceTree = BUILT_PRODUCTS_DIR; };
		41D521CE2B6C912A0087675F /* production_interviewApp.swift */ = {isa = PBXFileReference; lastKnownFileType = sourcecode.swift; path = production_interviewApp.swift; sourceTree = "<group>"; };
		41D521D02B6C912A0087675F /* ContentView.swift */ = {isa = PBXFileReference; lastKnownFileType = sourcecode.swift; path = ContentView.swift; sourceTree = "<group>"; };
		41D521D22B6C912E0087675F /* Assets.xcassets */ = {isa = PBXFileReference; lastKnownFileType = folder.assetcatalog; path = Assets.xcassets; sourceTree = "<group>"; };
		41D521D52B6C912E0087675F /* Preview Assets.xcassets */ = {isa = PBXFileReference; lastKnownFileType = folder.assetcatalog; path = "Preview Assets.xcassets"; sourceTree = "<group>"; };
		41D521DC2B6C98060087675F /* ItemView.swift */ = {isa = PBXFileReference; lastKnownFileType = sourcecode.swift; path = ItemView.swift; sourceTree = "<group>"; };
		41D521DE2B6CA37F0087675F /* SearchViewModel.swift */ = {isa = PBXFileReference; lastKnownFileType = sourcecode.swift; path = SearchViewModel.swift; sourceTree = "<group>"; };
		41D521E02B6CA38F0087675F /* SearchService.swift */ = {isa = PBXFileReference; lastKnownFileType = sourcecode.swift; path = SearchService.swift; sourceTree = "<group>"; };
		41D521E42B6CA7F00087675F /* WalmartResponse.swift */ = {isa = PBXFileReference; lastKnownFileType = sourcecode.swift; path = WalmartResponse.swift; sourceTree = "<group>"; };
		41D521E62B6D434F0087675F /* ProductListing.swift */ = {isa = PBXFileReference; lastKnownFileType = sourcecode.swift; path = ProductListing.swift; sourceTree = "<group>"; };
/* End PBXFileReference section */

/* Begin PBXFrameworksBuildPhase section */
		41D521C82B6C912A0087675F /* Frameworks */ = {
			isa = PBXFrameworksBuildPhase;
			buildActionMask = 2147483647;
			files = (
			);
			runOnlyForDeploymentPostprocessing = 0;
		};
/* End PBXFrameworksBuildPhase section */

/* Begin PBXGroup section */
		41D521C22B6C912A0087675F = {
			isa = PBXGroup;
			children = (
				41D521CD2B6C912A0087675F /* production interview */,
				41D521CC2B6C912A0087675F /* Products */,
			);
			sourceTree = "<group>";
		};
		41D521CC2B6C912A0087675F /* Products */ = {
			isa = PBXGroup;
			children = (
				41D521CB2B6C912A0087675F /* production interview.app */,
			);
			name = Products;
			sourceTree = "<group>";
		};
		41D521CD2B6C912A0087675F /* production interview */ = {
			isa = PBXGroup;
			children = (
				41D521CE2B6C912A0087675F /* production_interviewApp.swift */,
				41D521DC2B6C98060087675F /* ItemView.swift */,
				41D521E62B6D434F0087675F /* ProductListing.swift */,
				41D521E32B6CA3C00087675F /* Search */,
				41D521E82B700F400087675F /* Shared */,
				41D521D22B6C912E0087675F /* Assets.xcassets */,
				41D521D42B6C912E0087675F /* Preview Content */,
			);
			path = "production interview";
			sourceTree = "<group>";
		};
		41D521D42B6C912E0087675F /* Preview Content */ = {
			isa = PBXGroup;
			children = (
				41D521D52B6C912E0087675F /* Preview Assets.xcassets */,
			);
			path = "Preview Content";
			sourceTree = "<group>";
		};
		41D521E32B6CA3C00087675F /* Search */ = {
			isa = PBXGroup;
			children = (
				41D521E02B6CA38F0087675F /* SearchService.swift */,
				41D521D02B6C912A0087675F /* ContentView.swift */,
				41D521DE2B6CA37F0087675F /* SearchViewModel.swift */,
			);
			path = Search;
			sourceTree = "<group>";
		};
		41D521E82B700F400087675F /* Shared */ = {
			isa = PBXGroup;
			children = (
				41D521E42B6CA7F00087675F /* WalmartResponse.swift */,
			);
			path = Shared;
			sourceTree = "<group>";
		};
/* End PBXGroup section */

/* Begin PBXNativeTarget section */
		41D521CA2B6C912A0087675F /* production interview */ = {
			isa = PBXNativeTarget;
			buildConfigurationList = 41D521D92B6C912E0087675F /* Build configuration list for PBXNativeTarget "production interview" */;
			buildPhases = (
				41D521C72B6C912A0087675F /* Sources */,
				41D521C82B6C912A0087675F /* Frameworks */,
				41D521C92B6C912A0087675F /* Resources */,
			);
			buildRules = (
			);
			dependencies = (
			);
			name = "production interview";
			productName = "production interview";
			productReference = 41D521CB2B6C912A0087675F /* production interview.app */;
			productType = "com.apple.product-type.application";
		};
/* End PBXNativeTarget section */

/* Begin PBXProject section */
		41D521C32B6C912A0087675F /* Project object */ = {
			isa = PBXProject;
			attributes = {
				BuildIndependentTargetsInParallel = 1;
				LastSwiftUpdateCheck = 1520;
				LastUpgradeCheck = 1520;
				TargetAttributes = {
					41D521CA2B6C912A0087675F = {
						CreatedOnToolsVersion = 15.2;
					};
				};
			};
			buildConfigurationList = 41D521C62B6C912A0087675F /* Build configuration list for PBXProject "production interview" */;
			compatibilityVersion = "Xcode 14.0";
			developmentRegion = en;
			hasScannedForEncodings = 0;
			knownRegions = (
				en,
				Base,
			);
			mainGroup = 41D521C22B6C912A0087675F;
			productRefGroup = 41D521CC2B6C912A0087675F /* Products */;
			projectDirPath = "";
			projectRoot = "";
			targets = (
				41D521CA2B6C912A0087675F /* production interview */,
			);
		};
/* End PBXProject section */

/* Begin PBXResourcesBuildPhase section */
		41D521C92B6C912A0087675F /* Resources */ = {
			isa = PBXResourcesBuildPhase;
			buildActionMask = 2147483647;
			files = (
				41D521D62B6C912E0087675F /* Preview Assets.xcassets in Resources */,
				41D521D32B6C912E0087675F /* Assets.xcassets in Resources */,
			);
			runOnlyForDeploymentPostprocessing = 0;
		};
/* End PBXResourcesBuildPhase section */

/* Begin PBXSourcesBuildPhase section */
		41D521C72B6C912A0087675F /* Sources */ = {
			isa = PBXSourcesBuildPhase;
			buildActionMask = 2147483647;
			files = (
				41D521D12B6C912A0087675F /* ContentView.swift in Sources */,
				41D521DD2B6C98060087675F /* ItemView.swift in Sources */,
				41D521E12B6CA38F0087675F /* SearchService.swift in Sources */,
				41D521DF2B6CA37F0087675F /* SearchViewModel.swift in Sources */,
				41D521E72B6D434F0087675F /* ProductListing.swift in Sources */,
				41D521CF2B6C912A0087675F /* production_interviewApp.swift in Sources */,
				41D521E52B6CA7F00087675F /* WalmartResponse.swift in Sources */,
			);
			runOnlyForDeploymentPostprocessing = 0;
		};
/* End PBXSourcesBuildPhase section */

/* Begin XCBuildConfiguration section */
		41D521D72B6C912E0087675F /* Debug */ = {
			isa = XCBuildConfiguration;
			buildSettings = {
				ALWAYS_SEARCH_USER_PATHS = NO;
				ASSETCATALOG_COMPILER_GENERATE_SWIFT_ASSET_SYMBOL_EXTENSIONS = YES;
				CLANG_ANALYZER_NONNULL = YES;
				CLANG_ANALYZER_NUMBER_OBJECT_CONVERSION = YES_AGGRESSIVE;
				CLANG_CXX_LANGUAGE_STANDARD = "gnu++20";
				CLANG_ENABLE_MODULES = YES;
				CLANG_ENABLE_OBJC_ARC = YES;
				CLANG_ENABLE_OBJC_WEAK = YES;
				CLANG_WARN_BLOCK_CAPTURE_AUTORELEASING = YES;
				CLANG_WARN_BOOL_CONVERSION = YES;
				CLANG_WARN_COMMA = YES;
				CLANG_WARN_CONSTANT_CONVERSION = YES;
				CLANG_WARN_DEPRECATED_OBJC_IMPLEMENTATIONS = YES;
				CLANG_WARN_DIRECT_OBJC_ISA_USAGE = YES_ERROR;
				CLANG_WARN_DOCUMENTATION_COMMENTS = YES;
				CLANG_WARN_EMPTY_BODY = YES;
				CLANG_WARN_ENUM_CONVERSION = YES;
				CLANG_WARN_INFINITE_RECURSION = YES;
				CLANG_WARN_INT_CONVERSION = YES;
				CLANG_WARN_NON_LITERAL_NULL_CONVERSION = YES;
				CLANG_WARN_OBJC_IMPLICIT_RETAIN_SELF = YES;
				CLANG_WARN_OBJC_LITERAL_CONVERSION = YES;
				CLANG_WARN_OBJC_ROOT_CLASS = YES_ERROR;
				CLANG_WARN_QUOTED_INCLUDE_IN_FRAMEWORK_HEADER = YES;
				CLANG_WARN_RANGE_LOOP_ANALYSIS = YES;
				CLANG_WARN_STRICT_PROTOTYPES = YES;
				CLANG_WARN_SUSPICIOUS_MOVE = YES;
				CLANG_WARN_UNGUARDED_AVAILABILITY = YES_AGGRESSIVE;
				CLANG_WARN_UNREACHABLE_CODE = YES;
				CLANG_WARN__DUPLICATE_METHOD_MATCH = YES;
				COPY_PHASE_STRIP = NO;
				DEBUG_INFORMATION_FORMAT = dwarf;
				ENABLE_STRICT_OBJC_MSGSEND = YES;
				ENABLE_TESTABILITY = YES;
				ENABLE_USER_SCRIPT_SANDBOXING = YES;
				GCC_C_LANGUAGE_STANDARD = gnu17;
				GCC_DYNAMIC_NO_PIC = NO;
				GCC_NO_COMMON_BLOCKS = YES;
				GCC_OPTIMIZATION_LEVEL = 0;
				GCC_PREPROCESSOR_DEFINITIONS = (
					"DEBUG=1",
					"$(inherited)",
				);
				GCC_WARN_64_TO_32_BIT_CONVERSION = YES;
				GCC_WARN_ABOUT_RETURN_TYPE = YES_ERROR;
				GCC_WARN_UNDECLARED_SELECTOR = YES;
				GCC_WARN_UNINITIALIZED_AUTOS = YES_AGGRESSIVE;
				GCC_WARN_UNUSED_FUNCTION = YES;
				GCC_WARN_UNUSED_VARIABLE = YES;
				IPHONEOS_DEPLOYMENT_TARGET = 17.2;
				LOCALIZATION_PREFERS_STRING_CATALOGS = YES;
				MTL_ENABLE_DEBUG_INFO = INCLUDE_SOURCE;
				MTL_FAST_MATH = YES;
				ONLY_ACTIVE_ARCH = YES;
				SDKROOT = iphoneos;
				SWIFT_ACTIVE_COMPILATION_CONDITIONS = "DEBUG $(inherited)";
				SWIFT_OPTIMIZATION_LEVEL = "-Onone";
			};
			name = Debug;
		};
		41D521D82B6C912E0087675F /* Release */ = {
			isa = XCBuildConfiguration;
			buildSettings = {
				ALWAYS_SEARCH_USER_PATHS = NO;
				ASSETCATALOG_COMPILER_GENERATE_SWIFT_ASSET_SYMBOL_EXTENSIONS = YES;
				CLANG_ANALYZER_NONNULL = YES;
				CLANG_ANALYZER_NUMBER_OBJECT_CONVERSION = YES_AGGRESSIVE;
				CLANG_CXX_LANGUAGE_STANDARD = "gnu++20";
				CLANG_ENABLE_MODULES = YES;
				CLANG_ENABLE_OBJC_ARC = YES;
				CLANG_ENABLE_OBJC_WEAK = YES;
				CLANG_WARN_BLOCK_CAPTURE_AUTORELEASING = YES;
				CLANG_WARN_BOOL_CONVERSION = YES;
				CLANG_WARN_COMMA = YES;
				CLANG_WARN_CONSTANT_CONVERSION = YES;
				CLANG_WARN_DEPRECATED_OBJC_IMPLEMENTATIONS = YES;
				CLANG_WARN_DIRECT_OBJC_ISA_USAGE = YES_ERROR;
				CLANG_WARN_DOCUMENTATION_COMMENTS = YES;
				CLANG_WARN_EMPTY_BODY = YES;
				CLANG_WARN_ENUM_CONVERSION = YES;
				CLANG_WARN_INFINITE_RECURSION = YES;
				CLANG_WARN_INT_CONVERSION = YES;
				CLANG_WARN_NON_LITERAL_NULL_CONVERSION = YES;
				CLANG_WARN_OBJC_IMPLICIT_RETAIN_SELF = YES;
				CLANG_WARN_OBJC_LITERAL_CONVERSION = YES;
				CLANG_WARN_OBJC_ROOT_CLASS = YES_ERROR;
				CLANG_WARN_QUOTED_INCLUDE_IN_FRAMEWORK_HEADER = YES;
				CLANG_WARN_RANGE_LOOP_ANALYSIS = YES;
				CLANG_WARN_STRICT_PROTOTYPES = YES;
				CLANG_WARN_SUSPICIOUS_MOVE = YES;
				CLANG_WARN_UNGUARDED_AVAILABILITY = YES_AGGRESSIVE;
				CLANG_WARN_UNREACHABLE_CODE = YES;
				CLANG_WARN__DUPLICATE_METHOD_MATCH = YES;
				COPY_PHASE_STRIP = NO;
				DEBUG_INFORMATION_FORMAT = "dwarf-with-dsym";
				ENABLE_NS_ASSERTIONS = NO;
				ENABLE_STRICT_OBJC_MSGSEND = YES;
				ENABLE_USER_SCRIPT_SANDBOXING = YES;
				GCC_C_LANGUAGE_STANDARD = gnu17;
				GCC_NO_COMMON_BLOCKS = YES;
				GCC_WARN_64_TO_32_BIT_CONVERSION = YES;
				GCC_WARN_ABOUT_RETURN_TYPE = YES_ERROR;
				GCC_WARN_UNDECLARED_SELECTOR = YES;
				GCC_WARN_UNINITIALIZED_AUTOS = YES_AGGRESSIVE;
				GCC_WARN_UNUSED_FUNCTION = YES;
				GCC_WARN_UNUSED_VARIABLE = YES;
				IPHONEOS_DEPLOYMENT_TARGET = 17.2;
				LOCALIZATION_PREFERS_STRING_CATALOGS = YES;
				MTL_ENABLE_DEBUG_INFO = NO;
				MTL_FAST_MATH = YES;
				SDKROOT = iphoneos;
				SWIFT_COMPILATION_MODE = wholemodule;
				VALIDATE_PRODUCT = YES;
			};
			name = Release;
		};
		41D521DA2B6C912E0087675F /* Debug */ = {
			isa = XCBuildConfiguration;
			buildSettings = {
				ASSETCATALOG_COMPILER_APPICON_NAME = AppIcon;
				ASSETCATALOG_COMPILER_GLOBAL_ACCENT_COLOR_NAME = AccentColor;
				CODE_SIGN_STYLE = Automatic;
				CURRENT_PROJECT_VERSION = 1;
				DEVELOPMENT_ASSET_PATHS = "\"production interview/Preview Content\"";
				ENABLE_PREVIEWS = YES;
				GENERATE_INFOPLIST_FILE = YES;
				INFOPLIST_KEY_UIApplicationSceneManifest_Generation = YES;
				INFOPLIST_KEY_UIApplicationSupportsIndirectInputEvents = YES;
				INFOPLIST_KEY_UILaunchScreen_Generation = YES;
				INFOPLIST_KEY_UISupportedInterfaceOrientations_iPad = "UIInterfaceOrientationPortrait UIInterfaceOrientationPortraitUpsideDown UIInterfaceOrientationLandscapeLeft UIInterfaceOrientationLandscapeRight";
				INFOPLIST_KEY_UISupportedInterfaceOrientations_iPhone = "UIInterfaceOrientationPortrait UIInterfaceOrientationLandscapeLeft UIInterfaceOrientationLandscapeRight";
				LD_RUNPATH_SEARCH_PATHS = (
					"$(inherited)",
					"@executable_path/Frameworks",
				);
				MARKETING_VERSION = 1.0;
				PRODUCT_BUNDLE_IDENTIFIER = "com.brynnedelaney.production-interview";
				PRODUCT_NAME = "$(TARGET_NAME)";
				SWIFT_EMIT_LOC_STRINGS = YES;
				SWIFT_VERSION = 5.0;
				TARGETED_DEVICE_FAMILY = "1,2";
			};
			name = Debug;
		};
		41D521DB2B6C912E0087675F /* Release */ = {
			isa = XCBuildConfiguration;
			buildSettings = {
				ASSETCATALOG_COMPILER_APPICON_NAME = AppIcon;
				ASSETCATALOG_COMPILER_GLOBAL_ACCENT_COLOR_NAME = AccentColor;
				CODE_SIGN_STYLE = Automatic;
				CURRENT_PROJECT_VERSION = 1;
				DEVELOPMENT_ASSET_PATHS = "\"production interview/Preview Content\"";
				ENABLE_PREVIEWS = YES;
				GENERATE_INFOPLIST_FILE = YES;
				INFOPLIST_KEY_UIApplicationSceneManifest_Generation = YES;
				INFOPLIST_KEY_UIApplicationSupportsIndirectInputEvents = YES;
				INFOPLIST_KEY_UILaunchScreen_Generation = YES;
				INFOPLIST_KEY_UISupportedInterfaceOrientations_iPad = "UIInterfaceOrientationPortrait UIInterfaceOrientationPortraitUpsideDown UIInterfaceOrientationLandscapeLeft UIInterfaceOrientationLandscapeRight";
				INFOPLIST_KEY_UISupportedInterfaceOrientations_iPhone = "UIInterfaceOrientationPortrait UIInterfaceOrientationLandscapeLeft UIInterfaceOrientationLandscapeRight";
				LD_RUNPATH_SEARCH_PATHS = (
					"$(inherited)",
					"@executable_path/Frameworks",
				);
				MARKETING_VERSION = 1.0;
				PRODUCT_BUNDLE_IDENTIFIER = "com.brynnedelaney.production-interview";
				PRODUCT_NAME = "$(TARGET_NAME)";
				SWIFT_EMIT_LOC_STRINGS = YES;
				SWIFT_VERSION = 5.0;
				TARGETED_DEVICE_FAMILY = "1,2";
			};
			name = Release;
		};
/* End XCBuildConfiguration section */

/* Begin XCConfigurationList section */
		41D521C62B6C912A0087675F /* Build configuration list for PBXProject "production interview" */ = {
			isa = XCConfigurationList;
			buildConfigurations = (
				41D521D72B6C912E0087675F /* Debug */,
				41D521D82B6C912E0087675F /* Release */,
			);
			defaultConfigurationIsVisible = 0;
			defaultConfigurationName = Release;
		};
		41D521D92B6C912E0087675F /* Build configuration list for PBXNativeTarget "production interview" */ = {
			isa = XCConfigurationList;
			buildConfigurations = (
				41D521DA2B6C912E0087675F /* Debug */,
				41D521DB2B6C912E0087675F /* Release */,
			);
			defaultConfigurationIsVisible = 0;
			defaultConfigurationName = Release;
		};
/* End XCConfigurationList section */
	};
	rootObject = 41D521C32B6C912A0087675F /* Project object */;
}
